
Microsoft Visual Studio Solution File, Format Version 12.00
# Visual Studio Version 16
VisualStudioVersion = 16.0.30011.22
MinimumVisualStudioVersion = 10.0.40219.1
Project("{FAE04EC0-301F-11D3-BF4B-00C04F79EFBC}") = "SehirRehberi.API", "SehirRehberi.API\SehirRehberi.API.csproj", "{1F9CF9F9-A90F-4272-80DA-62059CBBAE99}"
EndProject
Global
	GlobalSection(SolutionConfigurationPlatforms) = preSolution
		Debug|Any CPU = Debug|Any CPU
		Release|Any CPU = Release|Any CPU
	EndGlobalSection
	GlobalSection(ProjectConfigurationPlatforms) = postSolution
		{1F9CF9F9-A90F-4272-80DA-62059CBBAE99}.Debug|Any CPU.ActiveCfg = Debug|Any CPU
		{1F9CF9F9-A90F-4272-80DA-62059CBBAE99}.Debug|Any CPU.Build.0 = Debug|Any CPU
		{1F9CF9F9-A90F-4272-80DA-62059CBBAE99}.Release|Any CPU.ActiveCfg = Release|Any CPU
		{1F9CF9F9-A90F-4272-80DA-62059CBBAE99}.Release|Any CPU.Build.0 = Release|Any CPU
	EndGlobalSection
	GlobalSection(SolutionProperties) = preSolution
		HideSolutionNode = FALSE
	EndGlobalSection
	GlobalSection(ExtensibilityGlobals) = postSolution
		SolutionGuid = {CFBF3B49-E2F8-4171-9462-E288E86067E2}
	EndGlobalSection
EndGlobal
